
Microsoft Visual Studio Solution File, Format Version 12.00
# Visual Studio Version 17
VisualStudioVersion = 17.5.002.0
MinimumVisualStudioVersion = 10.0.40219.1
Project("{9A19103F-16F7-4668-BE54-9A1E7A4F7556}") = "TesteBruno.Core", "TesteBruno.Core\TesteBruno.Core.csproj", "{D47D2C74-9222-4334-B619-7B0EB7C9EE1A}"
EndProject
Project("{9A19103F-16F7-4668-BE54-9A1E7A4F7556}") = "TesteBruno.Data", "TesteBruno.Data\TesteBruno.Data.csproj", "{C775061C-EF52-42CB-9A78-0325F0484319}"
EndProject
Project("{9A19103F-16F7-4668-BE54-9A1E7A4F7556}") = "TesteBruno.Web", "TesteBruno.Web\TesteBruno.Web.csproj", "{D4930A68-FBC3-493E-B12D-063B72539F0D}"
EndProject
Global
	GlobalSection(SolutionConfigurationPlatforms) = preSolution
		Debug|Any CPU = Debug|Any CPU
		Release|Any CPU = Release|Any CPU
	EndGlobalSection
	GlobalSection(ProjectConfigurationPlatforms) = postSolution
		{D47D2C74-9222-4334-B619-7B0EB7C9EE1A}.Debug|Any CPU.ActiveCfg = Debug|Any CPU
		{D47D2C74-9222-4334-B619-7B0EB7C9EE1A}.Debug|Any CPU.Build.0 = Debug|Any CPU
		{D47D2C74-9222-4334-B619-7B0EB7C9EE1A}.Release|Any CPU.ActiveCfg = Release|Any CPU
		{D47D2C74-9222-4334-B619-7B0EB7C9EE1A}.Release|Any CPU.Build.0 = Release|Any CPU
		{C775061C-EF52-42CB-9A78-0325F0484319}.Debug|Any CPU.ActiveCfg = Debug|Any CPU
		{C775061C-EF52-42CB-9A78-0325F0484319}.Debug|Any CPU.Build.0 = Debug|Any CPU
		{C775061C-EF52-42CB-9A78-0325F0484319}.Release|Any CPU.ActiveCfg = Release|Any CPU
		{C775061C-EF52-42CB-9A78-0325F0484319}.Release|Any CPU.Build.0 = Release|Any CPU
		{D4930A68-FBC3-493E-B12D-063B72539F0D}.Debug|Any CPU.ActiveCfg = Debug|Any CPU
		{D4930A68-FBC3-493E-B12D-063B72539F0D}.Debug|Any CPU.Build.0 = Debug|Any CPU
		{D4930A68-FBC3-493E-B12D-063B72539F0D}.Release|Any CPU.ActiveCfg = Release|Any CPU
		{D4930A68-FBC3-493E-B12D-063B72539F0D}.Release|Any CPU.Build.0 = Release|Any CPU
	EndGlobalSection
	GlobalSection(SolutionProperties) = preSolution
		HideSolutionNode = FALSE
	EndGlobalSection
	GlobalSection(ExtensibilityGlobals) = postSolution
		SolutionGuid = {A38F3BE2-7822-486C-BC7A-AC432A8B6F4C}
	EndGlobalSection
EndGlobal
